
Microsoft Visual Studio Solution File, Format Version 12.00
# Visual Studio Version 17
VisualStudioVersion = 17.7.34221.43
MinimumVisualStudioVersion = 10.0.40219.1
Project("{9A19103F-16F7-4668-BE54-9A1E7A4F7556}") = "ModelApi", "ModelApi\ModelApi.csproj", "{F55445D9-953A-4CE7-9315-67DA68BA1AAE}"
EndProject
Project("{FAE04EC0-301F-11D3-BF4B-00C04F79EFBC}") = "ModelApi.Test", "ModelApi.Test\ModelApi.Test.csproj", "{1E0531B2-D8C1-46E4-97A5-3CEE8D2DC806}"
EndProject
Global
	GlobalSection(SolutionConfigurationPlatforms) = preSolution
		Debug|Any CPU = Debug|Any CPU
		Release|Any CPU = Release|Any CPU
	EndGlobalSection
	GlobalSection(ProjectConfigurationPlatforms) = postSolution
		{F55445D9-953A-4CE7-9315-67DA68BA1AAE}.Debug|Any CPU.ActiveCfg = Debug|Any CPU
		{F55445D9-953A-4CE7-9315-67DA68BA1AAE}.Debug|Any CPU.Build.0 = Debug|Any CPU
		{F55445D9-953A-4CE7-9315-67DA68BA1AAE}.Release|Any CPU.ActiveCfg = Release|Any CPU
		{F55445D9-953A-4CE7-9315-67DA68BA1AAE}.Release|Any CPU.Build.0 = Release|Any CPU
		{1E0531B2-D8C1-46E4-97A5-3CEE8D2DC806}.Debug|Any CPU.ActiveCfg = Debug|Any CPU
		{1E0531B2-D8C1-46E4-97A5-3CEE8D2DC806}.Debug|Any CPU.Build.0 = Debug|Any CPU
		{1E0531B2-D8C1-46E4-97A5-3CEE8D2DC806}.Release|Any CPU.ActiveCfg = Release|Any CPU
		{1E0531B2-D8C1-46E4-97A5-3CEE8D2DC806}.Release|Any CPU.Build.0 = Release|Any CPU
	EndGlobalSection
	GlobalSection(SolutionProperties) = preSolution
		HideSolutionNode = FALSE
	EndGlobalSection
	GlobalSection(ExtensibilityGlobals) = postSolution
		SolutionGuid = {6F479568-A535-4A7A-863A-0430C76AA69E}
	EndGlobalSection
EndGlobal
